# This file was autogenerated by Stack.
# You should not edit this file by hand.
# For more information, please see the documentation at:
#   https://docs.haskellstack.org/en/stable/lock_files

packages:
- completed:
    hackage: lens-regex-pcre-0.3.1.0@sha256:c0f222a6bb2fd5dab9b45488644e4f0ff00c045ecf725653ee125c872abf963c,1619
    pantry-tree:
      size: 379
      sha256: c4f3bc0bb7874c855717f3f3fe3813dbd41bf06ca4e90e2e5164cba188d7f6aa
  original:
    hackage: lens-regex-pcre-0.3.1.0@sha256:c0f222a6bb2fd5dab9b45488644e4f0ff00c045ecf725653ee125c872abf963c,1619
snapshots:
- completed:
    size: 531718
    url: https://raw.githubusercontent.com/commercialhaskell/stackage-snapshots/master/lts/16/6.yaml
    sha256: 230a7266fc11f76222bd3bb68e9503ed11d553060a752f164bff6753ed03e271
  original: lts-16.6
